// !$*UTF8*$!
{
	archiveVersion = 1;
	classes = {
	};
	objectVersion = 46;
	objects = {

/* Begin PBXBuildFile section */
		A986FCA918233B3100F1EBDA /* window_t.h in Headers */ = {isa = PBXBuildFile; fileRef = F46E1F0103381E6001A8070A /* window_t.h */; };
		A986FCAA18233B3100F1EBDA /* opengl_t.h in Headers */ = {isa = PBXBuildFile; fileRef = F46E1F0503381F1201A8070A /* opengl_t.h */; };
		A986FCAC18233B3100F1EBDA /* MainMenu.nib in Resources */ = {isa = PBXBuildFile; fileRef = 29B97318FDCFA39411CA2CEA /* MainMenu.nib */; };
		A986FCAD18233B3100F1EBDA /* InfoPlist.strings in Resources */ = {isa = PBXBuildFile; fileRef = 089C165CFE840E0CC02AAC07 /* InfoPlist.strings */; };
		A986FCAE18233B3100F1EBDA /* icon.icns in Resources */ = {isa = PBXBuildFile; fileRef = 164A3FB109FD7D2000A131D4 /* icon.icns */; };
		A986FCAF18233B3100F1EBDA /* 1.png in Resources */ = {isa = PBXBuildFile; fileRef = 16059DDB0A1E9BD500F44181 /* 1.png */; };
		A986FCB018233B3100F1EBDA /* 10.png in Resources */ = {isa = PBXBuildFile; fileRef = 16059DDC0A1E9BD500F44181 /* 10.png */; };
		A986FCB118233B3100F1EBDA /* 11.png in Resources */ = {isa = PBXBuildFile; fileRef = 16059DDD0A1E9BD500F44181 /* 11.png */; };
		A986FCB218233B3100F1EBDA /* 12.png in Resources */ = {isa = PBXBuildFile; fileRef = 16059DDE0A1E9BD500F44181 /* 12.png */; };
		A986FCB318233B3100F1EBDA /* 13.png in Resources */ = {isa = PBXBuildFile; fileRef = 16059DDF0A1E9BD500F44181 /* 13.png */; };
		A986FCB418233B3100F1EBDA /* 14.png in Resources */ = {isa = PBXBuildFile; fileRef = 16059DE00A1E9BD500F44181 /* 14.png */; };
		A986FCB518233B3100F1EBDA /* 15.png in Resources */ = {isa = PBXBuildFile; fileRef = 16059DE10A1E9BD500F44181 /* 15.png */; };
		A986FCB618233B3100F1EBDA /* 16.png in Resources */ = {isa = PBXBuildFile; fileRef = 16059DE20A1E9BD500F44181 /* 16.png */; };
		A986FCB718233B3100F1EBDA /* 17.png in Resources */ = {isa = PBXBuildFile; fileRef = 16059DE30A1E9BD500F44181 /* 17.png */; };
		A986FCB818233B3100F1EBDA /* 18.png in Resources */ = {isa = PBXBuildFile; fileRef = 16059DE40A1E9BD500F44181 /* 18.png */; };
		A986FCB918233B3100F1EBDA /* 19.png in Resources */ = {isa = PBXBuildFile; fileRef = 16059DE50A1E9BD500F44181 /* 19.png */; };
		A986FCBA18233B3100F1EBDA /* 2.png in Resources */ = {isa = PBXBuildFile; fileRef = 16059DE60A1E9BD500F44181 /* 2.png */; };
		A986FCBB18233B3100F1EBDA /* 20.png in Resources */ = {isa = PBXBuildFile; fileRef = 16059DE70A1E9BD500F44181 /* 20.png */; };
		A986FCBC18233B3100F1EBDA /* 21.png in Resources */ = {isa = PBXBuildFile; fileRef = 16059DE80A1E9BD500F44181 /* 21.png */; };
		A986FCBD18233B3100F1EBDA /* 22.png in Resources */ = {isa = PBXBuildFile; fileRef = 16059DE90A1E9BD500F44181 /* 22.png */; };
		A986FCBE18233B3100F1EBDA /* 23.png in Resources */ = {isa = PBXBuildFile; fileRef = 16059DEA0A1E9BD500F44181 /* 23.png */; };
		A986FCBF18233B3100F1EBDA /* 24.png in Resources */ = {isa = PBXBuildFile; fileRef = 16059DEB0A1E9BD500F44181 /* 24.png */; };
		A986FCC018233B3100F1EBDA /* 25.png in Resources */ = {isa = PBXBuildFile; fileRef = 16059DEC0A1E9BD500F44181 /* 25.png */; };
		A986FCC118233B3100F1EBDA /* 26.png in Resources */ = {isa = PBXBuildFile; fileRef = 16059DED0A1E9BD500F44181 /* 26.png */; };
		A986FCC218233B3100F1EBDA /* 27.png in Resources */ = {isa = PBXBuildFile; fileRef = 16059DEE0A1E9BD500F44181 /* 27.png */; };
		A986FCC318233B3100F1EBDA /* 28.png in Resources */ = {isa = PBXBuildFile; fileRef = 16059DEF0A1E9BD500F44181 /* 28.png */; };
		A986FCC418233B3100F1EBDA /* 29.png in Resources */ = {isa = PBXBuildFile; fileRef = 16059DF00A1E9BD500F44181 /* 29.png */; };
		A986FCC518233B3100F1EBDA /* 3.png in Resources */ = {isa = PBXBuildFile; fileRef = 16059DF10A1E9BD500F44181 /* 3.png */; };
		A986FCC618233B3100F1EBDA /* 30.png in Resources */ = {isa = PBXBuildFile; fileRef = 16059DF20A1E9BD500F44181 /* 30.png */; };
		A986FCC718233B3100F1EBDA /* 31.png in Resources */ = {isa = PBXBuildFile; fileRef = 16059DF30A1E9BD500F44181 /* 31.png */; };
		A986FCC818233B3100F1EBDA /* 32.png in Resources */ = {isa = PBXBuildFile; fileRef = 16059DF40A1E9BD500F44181 /* 32.png */; };
		A986FCC918233B3100F1EBDA /* 33.png in Resources */ = {isa = PBXBuildFile; fileRef = 16059DF50A1E9BD500F44181 /* 33.png */; };
		A986FCCA18233B3100F1EBDA /* 34.png in Resources */ = {isa = PBXBuildFile; fileRef = 16059DF60A1E9BD500F44181 /* 34.png */; };
		A986FCCB18233B3100F1EBDA /* 35.png in Resources */ = {isa = PBXBuildFile; fileRef = 16059DF70A1E9BD500F44181 /* 35.png */; };
		A986FCCC18233B3100F1EBDA /* 36.png in Resources */ = {isa = PBXBuildFile; fileRef = 16059DF80A1E9BD500F44181 /* 36.png */; };
		A986FCCD18233B3100F1EBDA /* 37.png in Resources */ = {isa = PBXBuildFile; fileRef = 16059DF90A1E9BD500F44181 /* 37.png */; };
		A986FCCE18233B3100F1EBDA /* 38.png in Resources */ = {isa = PBXBuildFile; fileRef = 16059DFA0A1E9BD500F44181 /* 38.png */; };
		A986FCCF18233B3100F1EBDA /* 39.png in Resources */ = {isa = PBXBuildFile; fileRef = 16059DFB0A1E9BD500F44181 /* 39.png */; };
		A986FCD018233B3100F1EBDA /* 4.png in Resources */ = {isa = PBXBuildFile; fileRef = 16059DFC0A1E9BD500F44181 /* 4.png */; };
		A986FCD118233B3100F1EBDA /* 40.png in Resources */ = {isa = PBXBuildFile; fileRef = 16059DFD0A1E9BD500F44181 /* 40.png */; };
		A986FCD218233B3100F1EBDA /* 41.png in Resources */ = {isa = PBXBuildFile; fileRef = 16059DFE0A1E9BD500F44181 /* 41.png */; };
		A986FCD318233B3100F1EBDA /* 42.png in Resources */ = {isa = PBXBuildFile; fileRef = 16059DFF0A1E9BD500F44181 /* 42.png */; };
		A986FCD418233B3100F1EBDA /* 43.png in Resources */ = {isa = PBXBuildFile; fileRef = 16059E000A1E9BD500F44181 /* 43.png */; };
		A986FCD518233B3100F1EBDA /* 44.png in Resources */ = {isa = PBXBuildFile; fileRef = 16059E010A1E9BD500F44181 /* 44.png */; };
		A986FCD618233B3100F1EBDA /* 45.png in Resources */ = {isa = PBXBuildFile; fileRef = 16059E020A1E9BD500F44181 /* 45.png */; };
		A986FCD718233B3100F1EBDA /* 46.png in Resources */ = {isa = PBXBuildFile; fileRef = 16059E030A1E9BD500F44181 /* 46.png */; };
		A986FCD818233B3100F1EBDA /* 47.png in Resources */ = {isa = PBXBuildFile; fileRef = 16059E040A1E9BD500F44181 /* 47.png */; };
		A986FCD918233B3100F1EBDA /* 48.png in Resources */ = {isa = PBXBuildFile; fileRef = 16059E050A1E9BD500F44181 /* 48.png */; };
		A986FCDA18233B3100F1EBDA /* 49.png in Resources */ = {isa = PBXBuildFile; fileRef = 16059E060A1E9BD500F44181 /* 49.png */; };
		A986FCDB18233B3100F1EBDA /* 5.png in Resources */ = {isa = PBXBuildFile; fileRef = 16059E070A1E9BD500F44181 /* 5.png */; };
		A986FCDC18233B3100F1EBDA /* 50.png in Resources */ = {isa = PBXBuildFile; fileRef = 16059E080A1E9BD500F44181 /* 50.png */; };
		A986FCDD18233B3100F1EBDA /* 51.png in Resources */ = {isa = PBXBuildFile; fileRef = 16059E090A1E9BD500F44181 /* 51.png */; };
		A986FCDE18233B3100F1EBDA /* 52.png in Resources */ = {isa = PBXBuildFile; fileRef = 16059E0A0A1E9BD500F44181 /* 52.png */; };
		A986FCDF18233B3100F1EBDA /* 53.png in Resources */ = {isa = PBXBuildFile; fileRef = 16059E0B0A1E9BD500F44181 /* 53.png */; };
		A986FCE018233B3100F1EBDA /* 54.png in Resources */ = {isa = PBXBuildFile; fileRef = 16059E0C0A1E9BD500F44181 /* 54.png */; };
		A986FCE118233B3100F1EBDA /* 6.png in Resources */ = {isa = PBXBuildFile; fileRef = 16059E0D0A1E9BD500F44181 /* 6.png */; };
		A986FCE218233B3100F1EBDA /* 7.png in Resources */ = {isa = PBXBuildFile; fileRef = 16059E0E0A1E9BD500F44181 /* 7.png */; };
		A986FCE318233B3100F1EBDA /* 8.png in Resources */ = {isa = PBXBuildFile; fileRef = 16059E0F0A1E9BD500F44181 /* 8.png */; };
		A986FCE418233B3100F1EBDA /* 9.png in Resources */ = {isa = PBXBuildFile; fileRef = 16059E100A1E9BD500F44181 /* 9.png */; };
		A986FCE518233B3100F1EBDA /* b1fh.png in Resources */ = {isa = PBXBuildFile; fileRef = 16059E110A1E9BD500F44181 /* b1fh.png */; };
		A986FCE618233B3100F1EBDA /* b1fv.png in Resources */ = {isa = PBXBuildFile; fileRef = 16059E120A1E9BD500F44181 /* b1fv.png */; };
		A986FCE718233B3100F1EBDA /* b1pb.png in Resources */ = {isa = PBXBuildFile; fileRef = 16059E130A1E9BD500F44181 /* b1pb.png */; };
		A986FCE818233B3100F1EBDA /* b1pl.png in Resources */ = {isa = PBXBuildFile; fileRef = 16059E140A1E9BD500F44181 /* b1pl.png */; };
		A986FCE918233B3100F1EBDA /* b1pr.png in Resources */ = {isa = PBXBuildFile; fileRef = 16059E150A1E9BD500F44181 /* b1pr.png */; };
		A986FCEA18233B3100F1EBDA /* b1pt.png in Resources */ = {isa = PBXBuildFile; fileRef = 16059E160A1E9BD500F44181 /* b1pt.png */; };
		A986FCEB18233B3100F1EBDA /* b2fh.png in Resources */ = {isa = PBXBuildFile; fileRef = 16059E170A1E9BD500F44181 /* b2fh.png */; };
		A986FCEC18233B3100F1EBDA /* b2fv.png in Resources */ = {isa = PBXBuildFile; fileRef = 16059E180A1E9BD500F44181 /* b2fv.png */; };
		A986FCED18233B3100F1EBDA /* b2pb.png in Resources */ = {isa = PBXBuildFile; fileRef = 16059E190A1E9BD500F44181 /* b2pb.png */; };
		A986FCEE18233B3100F1EBDA /* b2pl.png in Resources */ = {isa = PBXBuildFile; fileRef = 16059E1A0A1E9BD500F44181 /* b2pl.png */; };
		A986FCEF18233B3100F1EBDA /* b2pr.png in Resources */ = {isa = PBXBuildFile; fileRef = 16059E1B0A1E9BD500F44181 /* b2pr.png */; };
		A986FCF018233B3100F1EBDA /* b2pt.png in Resources */ = {isa = PBXBuildFile; fileRef = 16059E1C0A1E9BD500F44181 /* b2pt.png */; };
		A986FCF818233B3100F1EBDA /* back4.png in Resources */ = {isa = PBXBuildFile; fileRef = 16059E240A1E9BD500F44181 /* back4.png */; };
		A986FCFA18233B3100F1EBDA /* icon.png in Resources */ = {isa = PBXBuildFile; fileRef = 16059E260A1E9BD500F44181 /* icon.png */; };
		A986FCFB18233B3100F1EBDA /* icon.psd in Resources */ = {isa = PBXBuildFile; fileRef = 16059E270A1E9BD500F44181 /* icon.psd */; };
		A986FCFC18233B3100F1EBDA /* icon.tga in Resources */ = {isa = PBXBuildFile; fileRef = 16059E280A1E9BD500F44181 /* icon.tga */; };
		A986FCFD18233B3100F1EBDA /* icon.tif in Resources */ = {isa = PBXBuildFile; fileRef = 16059E290A1E9BD500F44181 /* icon.tif */; };
		A986FCFE18233B3100F1EBDA /* save_top_empty.png in Resources */ = {isa = PBXBuildFile; fileRef = 16059E2A0A1E9BD500F44181 /* save_top_empty.png */; };
		A986FCFF18233B3100F1EBDA /* back1-sm.png in Resources */ = {isa = PBXBuildFile; fileRef = 16059E7C0A1E9BE700F44181 /* back1-sm.png */; };
		A986FD0018233B3100F1EBDA /* back1.png in Resources */ = {isa = PBXBuildFile; fileRef = 16059E7D0A1E9BE700F44181 /* back1.png */; };
		A986FD0118233B3100F1EBDA /* back2-sm.png in Resources */ = {isa = PBXBuildFile; fileRef = 16059E7E0A1E9BE700F44181 /* back2-sm.png */; };
		A986FD0218233B3100F1EBDA /* back2.png in Resources */ = {isa = PBXBuildFile; fileRef = 16059E7F0A1E9BE700F44181 /* back2.png */; };
		A986FD0318233B3100F1EBDA /* back3-sm.png in Resources */ = {isa = PBXBuildFile; fileRef = 16059E800A1E9BE700F44181 /* back3-sm.png */; };
		A986FD0418233B3100F1EBDA /* back3.png in Resources */ = {isa = PBXBuildFile; fileRef = 16059E810A1E9BE800F44181 /* back3.png */; };
		A986FD0518233B3100F1EBDA /* back4-sm.png in Resources */ = {isa = PBXBuildFile; fileRef = 16059E820A1E9BE800F44181 /* back4-sm.png */; };
		A986FD0618233B3100F1EBDA /* top_empty.png in Resources */ = {isa = PBXBuildFile; fileRef = 16059EBC0A1EBA1F00F44181 /* top_empty.png */; };
		A986FD0718233B3100F1EBDA /* empty.png in Resources */ = {isa = PBXBuildFile; fileRef = 16F829990A227F48008CE853 /* empty.png */; };
		A986FD0818233B3100F1EBDA /* empty_x.png in Resources */ = {isa = PBXBuildFile; fileRef = 16F829A40A229852008CE853 /* empty_x.png */; };
		A986FD0A18233B3100F1EBDA /* main.m in Sources */ = {isa = PBXBuildFile; fileRef = 29B97316FDCFA39411CA2CEA /* main.m */; settings = {ATTRIBUTES = (); }; };
		A986FD0B18233B3100F1EBDA /* window_t.mm in Sources */ = {isa = PBXBuildFile; fileRef = F46E1F0203381E6001A8070A /* window_t.mm */; };
		A986FD0C18233B3100F1EBDA /* opengl_t.mm in Sources */ = {isa = PBXBuildFile; fileRef = F46E1F0603381F1201A8070A /* opengl_t.mm */; };
		A986FD0D18233B3100F1EBDA /* mouse.mm in Sources */ = {isa = PBXBuildFile; fileRef = 16DD361C09FEC6B6008D3B50 /* mouse.mm */; };
		A986FD0F18233B3100F1EBDA /* Cocoa.framework in Frameworks */ = {isa = PBXBuildFile; fileRef = 1058C7A1FEA54F0111CA2CBB /* Cocoa.framework */; };
		A986FD1018233B3100F1EBDA /* OpenGL.framework in Frameworks */ = {isa = PBXBuildFile; fileRef = F46E1EFE03381DED01A8070A /* OpenGL.framework */; };
/* End PBXBuildFile section */

/* Begin PBXFileReference section */
		089C165DFE840E0CC02AAC07 /* English */ = {isa = PBXFileReference; fileEncoding = 10; lastKnownFileType = text.plist.strings; name = English; path = English.lproj/InfoPlist.strings; sourceTree = "<group>"; };
		1058C7A1FEA54F0111CA2CBB /* Cocoa.framework */ = {isa = PBXFileReference; lastKnownFileType = wrapper.framework; name = Cocoa.framework; path = /System/Library/Frameworks/Cocoa.framework; sourceTree = "<absolute>"; };
		16059DDB0A1E9BD500F44181 /* 1.png */ = {isa = PBXFileReference; lastKnownFileType = image.png; path = 1.png; sourceTree = "<group>"; };
		16059DDC0A1E9BD500F44181 /* 10.png */ = {isa = PBXFileReference; lastKnownFileType = image.png; path = 10.png; sourceTree = "<group>"; };
		16059DDD0A1E9BD500F44181 /* 11.png */ = {isa = PBXFileReference; lastKnownFileType = image.png; path = 11.png; sourceTree = "<group>"; };
		16059DDE0A1E9BD500F44181 /* 12.png */ = {isa = PBXFileReference; lastKnownFileType = image.png; path = 12.png; sourceTree = "<group>"; };
		16059DDF0A1E9BD500F44181 /* 13.png */ = {isa = PBXFileReference; lastKnownFileType = image.png; path = 13.png; sourceTree = "<group>"; };
		16059DE00A1E9BD500F44181 /* 14.png */ = {isa = PBXFileReference; lastKnownFileType = image.png; path = 14.png; sourceTree = "<group>"; };
		16059DE10A1E9BD500F44181 /* 15.png */ = {isa = PBXFileReference; lastKnownFileType = image.png; path = 15.png; sourceTree = "<group>"; };
		16059DE20A1E9BD500F44181 /* 16.png */ = {isa = PBXFileReference; lastKnownFileType = image.png; path = 16.png; sourceTree = "<group>"; };
		16059DE30A1E9BD500F44181 /* 17.png */ = {isa = PBXFileReference; lastKnownFileType = image.png; path = 17.png; sourceTree = "<group>"; };
		16059DE40A1E9BD500F44181 /* 18.png */ = {isa = PBXFileReference; lastKnownFileType = image.png; path = 18.png; sourceTree = "<group>"; };
		16059DE50A1E9BD500F44181 /* 19.png */ = {isa = PBXFileReference; lastKnownFileType = image.png; path = 19.png; sourceTree = "<group>"; };
		16059DE60A1E9BD500F44181 /* 2.png */ = {isa = PBXFileReference; lastKnownFileType = image.png; path = 2.png; sourceTree = "<group>"; };
		16059DE70A1E9BD500F44181 /* 20.png */ = {isa = PBXFileReference; lastKnownFileType = image.png; path = 20.png; sourceTree = "<group>"; };
		16059DE80A1E9BD500F44181 /* 21.png */ = {isa = PBXFileReference; lastKnownFileType = image.png; path = 21.png; sourceTree = "<group>"; };
		16059DE90A1E9BD500F44181 /* 22.png */ = {isa = PBXFileReference; lastKnownFileType = image.png; path = 22.png; sourceTree = "<group>"; };
		16059DEA0A1E9BD500F44181 /* 23.png */ = {isa = PBXFileReference; lastKnownFileType = image.png; path = 23.png; sourceTree = "<group>"; };
		16059DEB0A1E9BD500F44181 /* 24.png */ = {isa = PBXFileReference; lastKnownFileType = image.png; path = 24.png; sourceTree = "<group>"; };
		16059DEC0A1E9BD500F44181 /* 25.png */ = {isa = PBXFileReference; lastKnownFileType = image.png; path = 25.png; sourceTree = "<group>"; };
		16059DED0A1E9BD500F44181 /* 26.png */ = {isa = PBXFileReference; lastKnownFileType = image.png; path = 26.png; sourceTree = "<group>"; };
		16059DEE0A1E9BD500F44181 /* 27.png */ = {isa = PBXFileReference; lastKnownFileType = image.png; path = 27.png; sourceTree = "<group>"; };
		16059DEF0A1E9BD500F44181 /* 28.png */ = {isa = PBXFileReference; lastKnownFileType = image.png; path = 28.png; sourceTree = "<group>"; };
		16059DF00A1E9BD500F44181 /* 29.png */ = {isa = PBXFileReference; lastKnownFileType = image.png; path = 29.png; sourceTree = "<group>"; };
		16059DF10A1E9BD500F44181 /* 3.png */ = {isa = PBXFileReference; lastKnownFileType = image.png; path = 3.png; sourceTree = "<group>"; };
		16059DF20A1E9BD500F44181 /* 30.png */ = {isa = PBXFileReference; lastKnownFileType = image.png; path = 30.png; sourceTree = "<group>"; };
		16059DF30A1E9BD500F44181 /* 31.png */ = {isa = PBXFileReference; lastKnownFileType = image.png; path = 31.png; sourceTree = "<group>"; };
		16059DF40A1E9BD500F44181 /* 32.png */ = {isa = PBXFileReference; lastKnownFileType = image.png; path = 32.png; sourceTree = "<group>"; };
		16059DF50A1E9BD500F44181 /* 33.png */ = {isa = PBXFileReference; lastKnownFileType = image.png; path = 33.png; sourceTree = "<group>"; };
		16059DF60A1E9BD500F44181 /* 34.png */ = {isa = PBXFileReference; lastKnownFileType = image.png; path = 34.png; sourceTree = "<group>"; };
		16059DF70A1E9BD500F44181 /* 35.png */ = {isa = PBXFileReference; lastKnownFileType = image.png; path = 35.png; sourceTree = "<group>"; };
		16059DF80A1E9BD500F44181 /* 36.png */ = {isa = PBXFileReference; lastKnownFileType = image.png; path = 36.png; sourceTree = "<group>"; };
		16059DF90A1E9BD500F44181 /* 37.png */ = {isa = PBXFileReference; lastKnownFileType = image.png; path = 37.png; sourceTree = "<group>"; };
		16059DFA0A1E9BD500F44181 /* 38.png */ = {isa = PBXFileReference; lastKnownFileType = image.png; path = 38.png; sourceTree = "<group>"; };
		16059DFB0A1E9BD500F44181 /* 39.png */ = {isa = PBXFileReference; lastKnownFileType = image.png; path = 39.png; sourceTree = "<group>"; };
		16059DFC0A1E9BD500F44181 /* 4.png */ = {isa = PBXFileReference; lastKnownFileType = image.png; path = 4.png; sourceTree = "<group>"; };
		16059DFD0A1E9BD500F44181 /* 40.png */ = {isa = PBXFileReference; lastKnownFileType = image.png; path = 40.png; sourceTree = "<group>"; };
		16059DFE0A1E9BD500F44181 /* 41.png */ = {isa = PBXFileReference; lastKnownFileType = image.png; path = 41.png; sourceTree = "<group>"; };
		16059DFF0A1E9BD500F44181 /* 42.png */ = {isa = PBXFileReference; lastKnownFileType = image.png; path = 42.png; sourceTree = "<group>"; };
		16059E000A1E9BD500F44181 /* 43.png */ = {isa = PBXFileReference; lastKnownFileType = image.png; path = 43.png; sourceTree = "<group>"; };
		16059E010A1E9BD500F44181 /* 44.png */ = {isa = PBXFileReference; lastKnownFileType = image.png; path = 44.png; sourceTree = "<group>"; };
		16059E020A1E9BD500F44181 /* 45.png */ = {isa = PBXFileReference; lastKnownFileType = image.png; path = 45.png; sourceTree = "<group>"; };
		16059E030A1E9BD500F44181 /* 46.png */ = {isa = PBXFileReference; lastKnownFileType = image.png; path = 46.png; sourceTree = "<group>"; };
		16059E040A1E9BD500F44181 /* 47.png */ = {isa = PBXFileReference; lastKnownFileType = image.png; path = 47.png; sourceTree = "<group>"; };
		16059E050A1E9BD500F44181 /* 48.png */ = {isa = PBXFileReference; lastKnownFileType = image.png; path = 48.png; sourceTree = "<group>"; };
		16059E060A1E9BD500F44181 /* 49.png */ = {isa = PBXFileReference; lastKnownFileType = image.png; path = 49.png; sourceTree = "<group>"; };
		16059E070A1E9BD500F44181 /* 5.png */ = {isa = PBXFileReference; lastKnownFileType = image.png; path = 5.png; sourceTree = "<group>"; };
		16059E080A1E9BD500F44181 /* 50.png */ = {isa = PBXFileReference; lastKnownFileType = image.png; path = 50.png; sourceTree = "<group>"; };
		16059E090A1E9BD500F44181 /* 51.png */ = {isa = PBXFileReference; lastKnownFileType = image.png; path = 51.png; sourceTree = "<group>"; };
		16059E0A0A1E9BD500F44181 /* 52.png */ = {isa = PBXFileReference; lastKnownFileType = image.png; path = 52.png; sourceTree = "<group>"; };
		16059E0B0A1E9BD500F44181 /* 53.png */ = {isa = PBXFileReference; lastKnownFileType = image.png; path = 53.png; sourceTree = "<group>"; };
		16059E0C0A1E9BD500F44181 /* 54.png */ = {isa = PBXFileReference; lastKnownFileType = image.png; path = 54.png; sourceTree = "<group>"; };
		16059E0D0A1E9BD500F44181 /* 6.png */ = {isa = PBXFileReference; lastKnownFileType = image.png; path = 6.png; sourceTree = "<group>"; };
		16059E0E0A1E9BD500F44181 /* 7.png */ = {isa = PBXFileReference; lastKnownFileType = image.png; path = 7.png; sourceTree = "<group>"; };
		16059E0F0A1E9BD500F44181 /* 8.png */ = {isa = PBXFileReference; lastKnownFileType = image.png; path = 8.png; sourceTree = "<group>"; };
		16059E100A1E9BD500F44181 /* 9.png */ = {isa = PBXFileReference; lastKnownFileType = image.png; path = 9.png; sourceTree = "<group>"; };
		16059E110A1E9BD500F44181 /* b1fh.png */ = {isa = PBXFileReference; lastKnownFileType = image.png; path = b1fh.png; sourceTree = "<group>"; };
		16059E120A1E9BD500F44181 /* b1fv.png */ = {isa = PBXFileReference; lastKnownFileType = image.png; path = b1fv.png; sourceTree = "<group>"; };
		16059E130A1E9BD500F44181 /* b1pb.png */ = {isa = PBXFileReference; lastKnownFileType = image.png; path = b1pb.png; sourceTree = "<group>"; };
		16059E140A1E9BD500F44181 /* b1pl.png */ = {isa = PBXFileReference; lastKnownFileType = image.png; path = b1pl.png; sourceTree = "<group>"; };
		16059E150A1E9BD500F44181 /* b1pr.png */ = {isa = PBXFileReference; lastKnownFileType = image.png; path = b1pr.png; sourceTree = "<group>"; };
		16059E160A1E9BD500F44181 /* b1pt.png */ = {isa = PBXFileReference; lastKnownFileType = image.png; path = b1pt.png; sourceTree = "<group>"; };
		16059E170A1E9BD500F44181 /* b2fh.png */ = {isa = PBXFileReference; lastKnownFileType = image.png; path = b2fh.png; sourceTree = "<group>"; };
		16059E180A1E9BD500F44181 /* b2fv.png */ = {isa = PBXFileReference; lastKnownFileType = image.png; path = b2fv.png; sourceTree = "<group>"; };
		16059E190A1E9BD500F44181 /* b2pb.png */ = {isa = PBXFileReference; lastKnownFileType = image.png; path = b2pb.png; sourceTree = "<group>"; };
		16059E1A0A1E9BD500F44181 /* b2pl.png */ = {isa = PBXFileReference; lastKnownFileType = image.png; path = b2pl.png; sourceTree = "<group>"; };
		16059E1B0A1E9BD500F44181 /* b2pr.png */ = {isa = PBXFileReference; lastKnownFileType = image.png; path = b2pr.png; sourceTree = "<group>"; };
		16059E1C0A1E9BD500F44181 /* b2pt.png */ = {isa = PBXFileReference; lastKnownFileType = image.png; path = b2pt.png; sourceTree = "<group>"; };
		16059E240A1E9BD500F44181 /* back4.png */ = {isa = PBXFileReference; lastKnownFileType = image.png; name = back4.png; path = ../cards/back4.png; sourceTree = "<group>"; };
		16059E260A1E9BD500F44181 /* icon.png */ = {isa = PBXFileReference; lastKnownFileType = image.png; path = icon.png; sourceTree = "<group>"; };
		16059E270A1E9BD500F44181 /* icon.psd */ = {isa = PBXFileReference; lastKnownFileType = file; path = icon.psd; sourceTree = "<group>"; };
		16059E280A1E9BD500F44181 /* icon.tga */ = {isa = PBXFileReference; lastKnownFileType = file; path = icon.tga; sourceTree = "<group>"; };
		16059E290A1E9BD500F44181 /* icon.tif */ = {isa = PBXFileReference; lastKnownFileType = image.tiff; path = icon.tif; sourceTree = "<group>"; };
		16059E2A0A1E9BD500F44181 /* save_top_empty.png */ = {isa = PBXFileReference; lastKnownFileType = image.png; path = save_top_empty.png; sourceTree = "<group>"; };
		16059E7C0A1E9BE700F44181 /* back1-sm.png */ = {isa = PBXFileReference; lastKnownFileType = image.png; path = "back1-sm.png"; sourceTree = "<group>"; };
		16059E7D0A1E9BE700F44181 /* back1.png */ = {isa = PBXFileReference; lastKnownFileType = image.png; path = back1.png; sourceTree = "<group>"; };
		16059E7E0A1E9BE700F44181 /* back2-sm.png */ = {isa = PBXFileReference; lastKnownFileType = image.png; path = "back2-sm.png"; sourceTree = "<group>"; };
		16059E7F0A1E9BE700F44181 /* back2.png */ = {isa = PBXFileReference; lastKnownFileType = image.png; path = back2.png; sourceTree = "<group>"; };
		16059E800A1E9BE700F44181 /* back3-sm.png */ = {isa = PBXFileReference; lastKnownFileType = image.png; path = "back3-sm.png"; sourceTree = "<group>"; };
		16059E810A1E9BE800F44181 /* back3.png */ = {isa = PBXFileReference; lastKnownFileType = image.png; path = back3.png; sourceTree = "<group>"; };
		16059E820A1E9BE800F44181 /* back4-sm.png */ = {isa = PBXFileReference; lastKnownFileType = image.png; path = "back4-sm.png"; sourceTree = "<group>"; };
		16059EBC0A1EBA1F00F44181 /* top_empty.png */ = {isa = PBXFileReference; lastKnownFileType = image.png; path = top_empty.png; sourceTree = "<group>"; };
		164A3FB109FD7D2000A131D4 /* icon.icns */ = {isa = PBXFileReference; lastKnownFileType = image.icns; path = icon.icns; sourceTree = "<group>"; };
		16DD361C09FEC6B6008D3B50 /* mouse.mm */ = {isa = PBXFileReference; fileEncoding = 4; lastKnownFileType = sourcecode.cpp.objcpp; path = mouse.mm; sourceTree = "<group>"; };
		16F829990A227F48008CE853 /* empty.png */ = {isa = PBXFileReference; lastKnownFileType = image.png; path = empty.png; sourceTree = "<group>"; };
		16F829A40A229852008CE853 /* empty_x.png */ = {isa = PBXFileReference; lastKnownFileType = image.png; path = empty_x.png; sourceTree = "<group>"; };
		29B97316FDCFA39411CA2CEA /* main.m */ = {isa = PBXFileReference; lastKnownFileType = sourcecode.c.objc; path = main.m; sourceTree = "<group>"; };
		29B97319FDCFA39411CA2CEA /* English */ = {isa = PBXFileReference; lastKnownFileType = wrapper.nib; name = English; path = English.lproj/MainMenu.nib; sourceTree = "<group>"; };
		29B97324FDCFA39411CA2CEA /* AppKit.framework */ = {isa = PBXFileReference; lastKnownFileType = wrapper.framework; name = AppKit.framework; path = /System/Library/Frameworks/AppKit.framework; sourceTree = "<absolute>"; };
		29B97325FDCFA39411CA2CEA /* Foundation.framework */ = {isa = PBXFileReference; lastKnownFileType = wrapper.framework; name = Foundation.framework; path = /System/Library/Frameworks/Foundation.framework; sourceTree = "<absolute>"; };
		A986FD1518233B3100F1EBDA /* Info-MacSpiderX.plist */ = {isa = PBXFileReference; lastKnownFileType = text.plist.xml; path = "Info-MacSpiderX.plist"; sourceTree = "<group>"; };
		A9CA207D182479DA004B70C5 /* MacSpiderX.app */ = {isa = PBXFileReference; explicitFileType = wrapper.application; includeInIndex = 0; path = MacSpiderX.app; sourceTree = BUILT_PRODUCTS_DIR; };
		F46E1EFE03381DED01A8070A /* OpenGL.framework */ = {isa = PBXFileReference; lastKnownFileType = wrapper.framework; name = OpenGL.framework; path = /System/Library/Frameworks/OpenGL.framework; sourceTree = "<absolute>"; };
		F46E1F0103381E6001A8070A /* window_t.h */ = {isa = PBXFileReference; lastKnownFileType = sourcecode.c.h; path = window_t.h; sourceTree = "<group>"; };
		F46E1F0203381E6001A8070A /* window_t.mm */ = {isa = PBXFileReference; lastKnownFileType = sourcecode.cpp.objcpp; path = window_t.mm; sourceTree = "<group>"; };
		F46E1F0503381F1201A8070A /* opengl_t.h */ = {isa = PBXFileReference; lastKnownFileType = sourcecode.c.h; path = opengl_t.h; sourceTree = "<group>"; };
		F46E1F0603381F1201A8070A /* opengl_t.mm */ = {isa = PBXFileReference; lastKnownFileType = sourcecode.cpp.objcpp; path = opengl_t.mm; sourceTree = "<group>"; };
/* End PBXFileReference section */

/* Begin PBXFrameworksBuildPhase section */
		A986FD0E18233B3100F1EBDA /* Frameworks */ = {
			isa = PBXFrameworksBuildPhase;
			buildActionMask = 2147483647;
			files = (
				A986FD0F18233B3100F1EBDA /* Cocoa.framework in Frameworks */,
				A986FD1018233B3100F1EBDA /* OpenGL.framework in Frameworks */,
			);
			runOnlyForDeploymentPostprocessing = 0;
		};
/* End PBXFrameworksBuildPhase section */

/* Begin PBXGroup section */
		080E96DDFE201D6D7F000001 /* Classes */ = {
			isa = PBXGroup;
			children = (
				16DD361C09FEC6B6008D3B50 /* mouse.mm */,
				F46E1F0103381E6001A8070A /* window_t.h */,
				F46E1F0203381E6001A8070A /* window_t.mm */,
				F46E1F0503381F1201A8070A /* opengl_t.h */,
				F46E1F0603381F1201A8070A /* opengl_t.mm */,
			);
			name = Classes;
			sourceTree = "<group>";
		};
		1058C7A0FEA54F0111CA2CBB /* Linked Frameworks */ = {
			isa = PBXGroup;
			children = (
				1058C7A1FEA54F0111CA2CBB /* Cocoa.framework */,
				F46E1EFE03381DED01A8070A /* OpenGL.framework */,
			);
			name = "Linked Frameworks";
			sourceTree = "<group>";
		};
		1058C7A2FEA54F0111CA2CBB /* Other Frameworks */ = {
			isa = PBXGroup;
			children = (
				29B97325FDCFA39411CA2CEA /* Foundation.framework */,
				29B97324FDCFA39411CA2CEA /* AppKit.framework */,
			);
			name = "Other Frameworks";
			sourceTree = "<group>";
		};
		16059DDA0A1E9BD500F44181 /* cards */ = {
			isa = PBXGroup;
			children = (
				16059DDB0A1E9BD500F44181 /* 1.png */,
				16059DDC0A1E9BD500F44181 /* 10.png */,
				16059DDD0A1E9BD500F44181 /* 11.png */,
				16059DDE0A1E9BD500F44181 /* 12.png */,
				16059DDF0A1E9BD500F44181 /* 13.png */,
				16059DE00A1E9BD500F44181 /* 14.png */,
				16059DE10A1E9BD500F44181 /* 15.png */,
				16059DE20A1E9BD500F44181 /* 16.png */,
				16059DE30A1E9BD500F44181 /* 17.png */,
				16059DE40A1E9BD500F44181 /* 18.png */,
				16059DE50A1E9BD500F44181 /* 19.png */,
				16059DE60A1E9BD500F44181 /* 2.png */,
				16059DE70A1E9BD500F44181 /* 20.png */,
				16059DE80A1E9BD500F44181 /* 21.png */,
				16059DE90A1E9BD500F44181 /* 22.png */,
				16059DEA0A1E9BD500F44181 /* 23.png */,
				16059DEB0A1E9BD500F44181 /* 24.png */,
				16059DEC0A1E9BD500F44181 /* 25.png */,
				16059DED0A1E9BD500F44181 /* 26.png */,
				16059DEE0A1E9BD500F44181 /* 27.png */,
				16059DEF0A1E9BD500F44181 /* 28.png */,
				16059DF00A1E9BD500F44181 /* 29.png */,
				16059DF10A1E9BD500F44181 /* 3.png */,
				16059DF20A1E9BD500F44181 /* 30.png */,
				16059DF30A1E9BD500F44181 /* 31.png */,
				16059DF40A1E9BD500F44181 /* 32.png */,
				16059DF50A1E9BD500F44181 /* 33.png */,
				16059DF60A1E9BD500F44181 /* 34.png */,
				16059DF70A1E9BD500F44181 /* 35.png */,
				16059DF80A1E9BD500F44181 /* 36.png */,
				16059DF90A1E9BD500F44181 /* 37.png */,
				16059DFA0A1E9BD500F44181 /* 38.png */,
				16059DFB0A1E9BD500F44181 /* 39.png */,
				16059DFC0A1E9BD500F44181 /* 4.png */,
				16059DFD0A1E9BD500F44181 /* 40.png */,
				16059DFE0A1E9BD500F44181 /* 41.png */,
				16059DFF0A1E9BD500F44181 /* 42.png */,
				16059E000A1E9BD500F44181 /* 43.png */,
				16059E010A1E9BD500F44181 /* 44.png */,
				16059E020A1E9BD500F44181 /* 45.png */,
				16059E030A1E9BD500F44181 /* 46.png */,
				16059E040A1E9BD500F44181 /* 47.png */,
				16059E050A1E9BD500F44181 /* 48.png */,
				16059E060A1E9BD500F44181 /* 49.png */,
				16059E070A1E9BD500F44181 /* 5.png */,
				16059E080A1E9BD500F44181 /* 50.png */,
				16059E090A1E9BD500F44181 /* 51.png */,
				16059E0A0A1E9BD500F44181 /* 52.png */,
				16059E0B0A1E9BD500F44181 /* 53.png */,
				16059E0C0A1E9BD500F44181 /* 54.png */,
				16059E0D0A1E9BD500F44181 /* 6.png */,
				16059E0E0A1E9BD500F44181 /* 7.png */,
				16059E0F0A1E9BD500F44181 /* 8.png */,
				16059E100A1E9BD500F44181 /* 9.png */,
				16059E110A1E9BD500F44181 /* b1fh.png */,
				16059E120A1E9BD500F44181 /* b1fv.png */,
				16059E130A1E9BD500F44181 /* b1pb.png */,
				16059E140A1E9BD500F44181 /* b1pl.png */,
				16059E150A1E9BD500F44181 /* b1pr.png */,
				16059E160A1E9BD500F44181 /* b1pt.png */,
				16059E170A1E9BD500F44181 /* b2fh.png */,
				16059E180A1E9BD500F44181 /* b2fv.png */,
				16059E190A1E9BD500F44181 /* b2pb.png */,
				16059E1A0A1E9BD500F44181 /* b2pl.png */,
				16059E1B0A1E9BD500F44181 /* b2pr.png */,
				16059E1C0A1E9BD500F44181 /* b2pt.png */,
				16059E260A1E9BD500F44181 /* icon.png */,
				16059E270A1E9BD500F44181 /* icon.psd */,
				16059E280A1E9BD500F44181 /* icon.tga */,
				16059E290A1E9BD500F44181 /* icon.tif */,
				16059E2A0A1E9BD500F44181 /* save_top_empty.png */,
			);
			path = cards;
			sourceTree = "<group>";
		};
		16059E7B0A1E9BE700F44181 /* decks */ = {
			isa = PBXGroup;
			children = (
				16059E7C0A1E9BE700F44181 /* back1-sm.png */,
				16059E7D0A1E9BE700F44181 /* back1.png */,
				16059E7E0A1E9BE700F44181 /* back2-sm.png */,
				16059E7F0A1E9BE700F44181 /* back2.png */,
				16059E800A1E9BE700F44181 /* back3-sm.png */,
				16059E810A1E9BE800F44181 /* back3.png */,
				16059E820A1E9BE800F44181 /* back4-sm.png */,
				16059E240A1E9BD500F44181 /* back4.png */,
			);
			path = decks;
			sourceTree = "<group>";
		};
		19C28FACFE9D520D11CA2CBB /* Products */ = {
			isa = PBXGroup;
			children = (
				A9CA207D182479DA004B70C5 /* MacSpiderX.app */,
			);
			name = Products;
			sourceTree = "<group>";
		};
		29B97314FDCFA39411CA2CEA /* Lesson33_OSXCocoa */ = {
			isa = PBXGroup;
			children = (
				080E96DDFE201D6D7F000001 /* Classes */,
				29B97315FDCFA39411CA2CEA /* Other Sources */,
				29B97317FDCFA39411CA2CEA /* Resources */,
				29B97323FDCFA39411CA2CEA /* Frameworks */,
				19C28FACFE9D520D11CA2CBB /* Products */,
				A986FD1518233B3100F1EBDA /* Info-MacSpiderX.plist */,
			);
			name = Lesson33_OSXCocoa;
			sourceTree = "<group>";
		};
		29B97315FDCFA39411CA2CEA /* Other Sources */ = {
			isa = PBXGroup;
			children = (
				29B97316FDCFA39411CA2CEA /* main.m */,
			);
			name = "Other Sources";
			sourceTree = "<group>";
		};
		29B97317FDCFA39411CA2CEA /* Resources */ = {
			isa = PBXGroup;
			children = (
				16F829A40A229852008CE853 /* empty_x.png */,
				16F829990A227F48008CE853 /* empty.png */,
				16059EBC0A1EBA1F00F44181 /* top_empty.png */,
				16059E7B0A1E9BE700F44181 /* decks */,
				16059DDA0A1E9BD500F44181 /* cards */,
				164A3FB109FD7D2000A131D4 /* icon.icns */,
				29B97318FDCFA39411CA2CEA /* MainMenu.nib */,
				089C165CFE840E0CC02AAC07 /* InfoPlist.strings */,
			);
			name = Resources;
			sourceTree = "<group>";
		};
		29B97323FDCFA39411CA2CEA /* Frameworks */ = {
			isa = PBXGroup;
			children = (
				1058C7A0FEA54F0111CA2CBB /* Linked Frameworks */,
				1058C7A2FEA54F0111CA2CBB /* Other Frameworks */,
			);
			name = Frameworks;
			sourceTree = "<group>";
		};
/* End PBXGroup section */

/* Begin PBXHeadersBuildPhase section */
		A986FCA818233B3100F1EBDA /* Headers */ = {
			isa = PBXHeadersBuildPhase;
			buildActionMask = 2147483647;
			files = (
				A986FCA918233B3100F1EBDA /* window_t.h in Headers */,
				A986FCAA18233B3100F1EBDA /* opengl_t.h in Headers */,
			);
			runOnlyForDeploymentPostprocessing = 0;
		};
/* End PBXHeadersBuildPhase section */

/* Begin PBXNativeTarget section */
		A986FCA718233B3100F1EBDA /* MacSpiderX */ = {
			isa = PBXNativeTarget;
			buildConfigurationList = A986FD1118233B3100F1EBDA /* Build configuration list for PBXNativeTarget "MacSpiderX" */;
			buildPhases = (
				A986FCA818233B3100F1EBDA /* Headers */,
				A986FCAB18233B3100F1EBDA /* Resources */,
				A986FD0918233B3100F1EBDA /* Sources */,
				A986FD0E18233B3100F1EBDA /* Frameworks */,
			);
			buildRules = (
			);
			dependencies = (
			);
			name = MacSpiderX;
			productInstallPath = "$(HOME)/Applications";
			productName = Lesson33_OSXCocoa;
			productReference = A9CA207D182479DA004B70C5 /* MacSpiderX.app */;
			productType = "com.apple.product-type.application";
		};
/* End PBXNativeTarget section */

/* Begin PBXProject section */
		29B97313FDCFA39411CA2CEA /* Project object */ = {
			isa = PBXProject;
			buildConfigurationList = A986FC931823380E00F1EBDA /* Build configuration list for PBXProject "MacSpiderX" */;
			compatibilityVersion = "Xcode 3.2";
			developmentRegion = English;
			hasScannedForEncodings = 0;
			knownRegions = (
				English,
				Japanese,
				French,
				German,
			);
			mainGroup = 29B97314FDCFA39411CA2CEA /* Lesson33_OSXCocoa */;
			projectDirPath = "";
			projectRoot = "";
			targets = (
				A986FCA718233B3100F1EBDA /* MacSpiderX */,
			);
		};
/* End PBXProject section */

/* Begin PBXResourcesBuildPhase section */
		A986FCAB18233B3100F1EBDA /* Resources */ = {
			isa = PBXResourcesBuildPhase;
			buildActionMask = 2147483647;
			files = (
				A986FCAC18233B3100F1EBDA /* MainMenu.nib in Resources */,
				A986FCAD18233B3100F1EBDA /* InfoPlist.strings in Resources */,
				A986FCAE18233B3100F1EBDA /* icon.icns in Resources */,
				A986FCAF18233B3100F1EBDA /* 1.png in Resources */,
				A986FCB018233B3100F1EBDA /* 10.png in Resources */,
				A986FCB118233B3100F1EBDA /* 11.png in Resources */,
				A986FCB218233B3100F1EBDA /* 12.png in Resources */,
				A986FCB318233B3100F1EBDA /* 13.png in Resources */,
				A986FCB418233B3100F1EBDA /* 14.png in Resources */,
				A986FCB518233B3100F1EBDA /* 15.png in Resources */,
				A986FCB618233B3100F1EBDA /* 16.png in Resources */,
				A986FCB718233B3100F1EBDA /* 17.png in Resources */,
				A986FCB818233B3100F1EBDA /* 18.png in Resources */,
				A986FCB918233B3100F1EBDA /* 19.png in Resources */,
				A986FCBA18233B3100F1EBDA /* 2.png in Resources */,
				A986FCBB18233B3100F1EBDA /* 20.png in Resources */,
				A986FCBC18233B3100F1EBDA /* 21.png in Resources */,
				A986FCBD18233B3100F1EBDA /* 22.png in Resources */,
				A986FCBE18233B3100F1EBDA /* 23.png in Resources */,
				A986FCBF18233B3100F1EBDA /* 24.png in Resources */,
				A986FCC018233B3100F1EBDA /* 25.png in Resources */,
				A986FCC118233B3100F1EBDA /* 26.png in Resources */,
				A986FCC218233B3100F1EBDA /* 27.png in Resources */,
				A986FCC318233B3100F1EBDA /* 28.png in Resources */,
				A986FCC418233B3100F1EBDA /* 29.png in Resources */,
				A986FCC518233B3100F1EBDA /* 3.png in Resources */,
				A986FCC618233B3100F1EBDA /* 30.png in Resources */,
				A986FCC718233B3100F1EBDA /* 31.png in Resources */,
				A986FCC818233B3100F1EBDA /* 32.png in Resources */,
				A986FCC918233B3100F1EBDA /* 33.png in Resources */,
				A986FCCA18233B3100F1EBDA /* 34.png in Resources */,
				A986FCCB18233B3100F1EBDA /* 35.png in Resources */,
				A986FCCC18233B3100F1EBDA /* 36.png in Resources */,
				A986FCCD18233B3100F1EBDA /* 37.png in Resources */,
				A986FCCE18233B3100F1EBDA /* 38.png in Resources */,
				A986FCCF18233B3100F1EBDA /* 39.png in Resources */,
				A986FCD018233B3100F1EBDA /* 4.png in Resources */,
				A986FCD118233B3100F1EBDA /* 40.png in Resources */,
				A986FCD218233B3100F1EBDA /* 41.png in Resources */,
				A986FCD318233B3100F1EBDA /* 42.png in Resources */,
				A986FCD418233B3100F1EBDA /* 43.png in Resources */,
				A986FCD518233B3100F1EBDA /* 44.png in Resources */,
				A986FCD618233B3100F1EBDA /* 45.png in Resources */,
				A986FCD718233B3100F1EBDA /* 46.png in Resources */,
				A986FCD818233B3100F1EBDA /* 47.png in Resources */,
				A986FCD918233B3100F1EBDA /* 48.png in Resources */,
				A986FCDA18233B3100F1EBDA /* 49.png in Resources */,
				A986FCDB18233B3100F1EBDA /* 5.png in Resources */,
				A986FCDC18233B3100F1EBDA /* 50.png in Resources */,
				A986FCDD18233B3100F1EBDA /* 51.png in Resources */,
				A986FCDE18233B3100F1EBDA /* 52.png in Resources */,
				A986FCDF18233B3100F1EBDA /* 53.png in Resources */,
				A986FCE018233B3100F1EBDA /* 54.png in Resources */,
				A986FCE118233B3100F1EBDA /* 6.png in Resources */,
				A986FCE218233B3100F1EBDA /* 7.png in Resources */,
				A986FCE318233B3100F1EBDA /* 8.png in Resources */,
				A986FCE418233B3100F1EBDA /* 9.png in Resources */,
				A986FCE518233B3100F1EBDA /* b1fh.png in Resources */,
				A986FCE618233B3100F1EBDA /* b1fv.png in Resources */,
				A986FCE718233B3100F1EBDA /* b1pb.png in Resources */,
				A986FCE818233B3100F1EBDA /* b1pl.png in Resources */,
				A986FCE918233B3100F1EBDA /* b1pr.png in Resources */,
				A986FCEA18233B3100F1EBDA /* b1pt.png in Resources */,
				A986FCEB18233B3100F1EBDA /* b2fh.png in Resources */,
				A986FCEC18233B3100F1EBDA /* b2fv.png in Resources */,
				A986FCED18233B3100F1EBDA /* b2pb.png in Resources */,
				A986FCEE18233B3100F1EBDA /* b2pl.png in Resources */,
				A986FCEF18233B3100F1EBDA /* b2pr.png in Resources */,
				A986FCF018233B3100F1EBDA /* b2pt.png in Resources */,
				A986FCF818233B3100F1EBDA /* back4.png in Resources */,
				A986FCFA18233B3100F1EBDA /* icon.png in Resources */,
				A986FCFB18233B3100F1EBDA /* icon.psd in Resources */,
				A986FCFC18233B3100F1EBDA /* icon.tga in Resources */,
				A986FCFD18233B3100F1EBDA /* icon.tif in Resources */,
				A986FCFE18233B3100F1EBDA /* save_top_empty.png in Resources */,
				A986FCFF18233B3100F1EBDA /* back1-sm.png in Resources */,
				A986FD0018233B3100F1EBDA /* back1.png in Resources */,
				A986FD0118233B3100F1EBDA /* back2-sm.png in Resources */,
				A986FD0218233B3100F1EBDA /* back2.png in Resources */,
				A986FD0318233B3100F1EBDA /* back3-sm.png in Resources */,
				A986FD0418233B3100F1EBDA /* back3.png in Resources */,
				A986FD0518233B3100F1EBDA /* back4-sm.png in Resources */,
				A986FD0618233B3100F1EBDA /* top_empty.png in Resources */,
				A986FD0718233B3100F1EBDA /* empty.png in Resources */,
				A986FD0818233B3100F1EBDA /* empty_x.png in Resources */,
			);
			runOnlyForDeploymentPostprocessing = 0;
		};
/* End PBXResourcesBuildPhase section */

/* Begin PBXSourcesBuildPhase section */
		A986FD0918233B3100F1EBDA /* Sources */ = {
			isa = PBXSourcesBuildPhase;
			buildActionMask = 2147483647;
			files = (
				A986FD0A18233B3100F1EBDA /* main.m in Sources */,
				A986FD0B18233B3100F1EBDA /* window_t.mm in Sources */,
				A986FD0C18233B3100F1EBDA /* opengl_t.mm in Sources */,
				A986FD0D18233B3100F1EBDA /* mouse.mm in Sources */,
			);
			runOnlyForDeploymentPostprocessing = 0;
		};
/* End PBXSourcesBuildPhase section */

/* Begin PBXVariantGroup section */
		089C165CFE840E0CC02AAC07 /* InfoPlist.strings */ = {
			isa = PBXVariantGroup;
			children = (
				089C165DFE840E0CC02AAC07 /* English */,
			);
			name = InfoPlist.strings;
			sourceTree = "<group>";
		};
		29B97318FDCFA39411CA2CEA /* MainMenu.nib */ = {
			isa = PBXVariantGroup;
			children = (
				29B97319FDCFA39411CA2CEA /* English */,
			);
			name = MainMenu.nib;
			sourceTree = "<group>";
		};
/* End PBXVariantGroup section */

/* Begin XCBuildConfiguration section */
		A986FC8D1823380E00F1EBDA /* Development */ = {
			isa = XCBuildConfiguration;
			buildSettings = {
			};
			name = Development;
		};
		A986FC8E1823380E00F1EBDA /* Deployment */ = {
			isa = XCBuildConfiguration;
			buildSettings = {
			};
			name = Deployment;
		};
		A986FC8F1823380E00F1EBDA /* Default */ = {
			isa = XCBuildConfiguration;
			buildSettings = {
			};
			name = Default;
		};
		A986FD1218233B3100F1EBDA /* Development */ = {
			isa = XCBuildConfiguration;
			buildSettings = {
				COPY_PHASE_STRIP = NO;
				FRAMEWORK_SEARCH_PATHS = "";
				GCC_DYNAMIC_NO_PIC = NO;
				GCC_ENABLE_FIX_AND_CONTINUE = YES;
				GCC_GENERATE_DEBUGGING_SYMBOLS = YES;
				GCC_OPTIMIZATION_LEVEL = 0;
				GCC_SYMBOLS_PRIVATE_EXTERN = NO;
				HEADER_SEARCH_PATHS = "";
				INFOPLIST_FILE = "Info-MacSpiderX.plist";
				INSTALL_PATH = "$(HOME)/Applications";
				LIBRARY_SEARCH_PATHS = "";
				OTHER_CFLAGS = "";
				OTHER_LDFLAGS = "";
				PRODUCT_NAME = MacSpiderX;
				SECTORDER_FLAGS = "";
				WARNING_CFLAGS = (
					"-Wmost",
					"-Wno-four-char-constants",
					"-Wno-unknown-pragmas",
				);
				WRAPPER_EXTENSION = app;
				ZERO_LINK = YES;
			};
			name = Development;
		};
		A986FD1318233B3100F1EBDA /* Deployment */ = {
			isa = XCBuildConfiguration;
			buildSettings = {
				COPY_PHASE_STRIP = YES;
				FRAMEWORK_SEARCH_PATHS = "";
				GCC_ENABLE_FIX_AND_CONTINUE = NO;
				GCC_SYMBOLS_PRIVATE_EXTERN = NO;
				HEADER_SEARCH_PATHS = "";
				INFOPLIST_FILE = "Info-MacSpiderX.plist";
				INSTALL_PATH = "$(HOME)/Applications";
				LIBRARY_SEARCH_PATHS = "";
				OTHER_CFLAGS = "";
				OTHER_LDFLAGS = "";
				PRODUCT_NAME = MacSolitaireX;
				SECTORDER_FLAGS = "";
				WARNING_CFLAGS = (
					"-Wmost",
					"-Wno-four-char-constants",
					"-Wno-unknown-pragmas",
				);
				WRAPPER_EXTENSION = app;
				ZERO_LINK = NO;
			};
			name = Deployment;
		};
		A986FD1418233B3100F1EBDA /* Default */ = {
			isa = XCBuildConfiguration;
			buildSettings = {
				FRAMEWORK_SEARCH_PATHS = "";
				GCC_SYMBOLS_PRIVATE_EXTERN = NO;
				HEADER_SEARCH_PATHS = "";
				INFOPLIST_FILE = "Info-MacSpiderX.plist";
				INSTALL_PATH = "$(HOME)/Applications";
				LIBRARY_SEARCH_PATHS = "";
				OTHER_CFLAGS = "";
				OTHER_LDFLAGS = "";
				PRODUCT_NAME = MacSolitaireX;
				SECTORDER_FLAGS = "";
				WARNING_CFLAGS = (
					"-Wmost",
					"-Wno-four-char-constants",
					"-Wno-unknown-pragmas",
				);
				WRAPPER_EXTENSION = app;
			};
			name = Default;
		};
/* End XCBuildConfiguration section */

/* Begin XCConfigurationList section */
		A986FC931823380E00F1EBDA /* Build configuration list for PBXProject "MacSpiderX" */ = {
			isa = XCConfigurationList;
			buildConfigurations = (
				A986FC8D1823380E00F1EBDA /* Development */,
				A986FC8E1823380E00F1EBDA /* Deployment */,
				A986FC8F1823380E00F1EBDA /* Default */,
			);
			defaultConfigurationIsVisible = 0;
			defaultConfigurationName = Default;
		};
		A986FD1118233B3100F1EBDA /* Build configuration list for PBXNativeTarget "MacSpiderX" */ = {
			isa = XCConfigurationList;
			buildConfigurations = (
				A986FD1218233B3100F1EBDA /* Development */,
				A986FD1318233B3100F1EBDA /* Deployment */,
				A986FD1418233B3100F1EBDA /* Default */,
			);
			defaultConfigurationIsVisible = 0;
			defaultConfigurationName = Default;
		};
/* End XCConfigurationList section */
	};
	rootObject = 29B97313FDCFA39411CA2CEA /* Project object */;
}
